
Microsoft Visual Studio Solution File, Format Version 12.00
# Visual Studio Version 17
VisualStudioVersion = 17.14.36511.14 d17.14
MinimumVisualStudioVersion = 10.0.40219.1
Project("{FAE04EC0-301F-11D3-BF4B-00C04F79EFBC}") = "Avalonia_RA3_Mod _ranslator", "Avalonia_RA3_Mod _ranslator\Avalonia_RA3_Mod _ranslator.csproj", "{11CEA7A7-20F7-2673-B23D-5D26B916EAD7}"
EndProject
Project("{FAE04EC0-301F-11D3-BF4B-00C04F79EFBC}") = "Avalonia_RA3_Mod _ranslator.Desktop", "Avalonia_RA3_Mod _ranslator.Desktop\Avalonia_RA3_Mod _ranslator.Desktop.csproj", "{4CEE0F9F-F64F-74A8-CF3A-CE7BC2D48E83}"
EndProject
Global
	GlobalSection(SolutionConfigurationPlatforms) = preSolution
		Debug|Any CPU = Debug|Any CPU
		Release|Any CPU = Release|Any CPU
	EndGlobalSection
	GlobalSection(ProjectConfigurationPlatforms) = postSolution
		{11CEA7A7-20F7-2673-B23D-5D26B916EAD7}.Debug|Any CPU.ActiveCfg = Debug|Any CPU
		{11CEA7A7-20F7-2673-B23D-5D26B916EAD7}.Debug|Any CPU.Build.0 = Debug|Any CPU
		{11CEA7A7-20F7-2673-B23D-5D26B916EAD7}.Release|Any CPU.ActiveCfg = Release|Any CPU
		{11CEA7A7-20F7-2673-B23D-5D26B916EAD7}.Release|Any CPU.Build.0 = Release|Any CPU
		{4CEE0F9F-F64F-74A8-CF3A-CE7BC2D48E83}.Debug|Any CPU.ActiveCfg = Debug|Any CPU
		{4CEE0F9F-F64F-74A8-CF3A-CE7BC2D48E83}.Debug|Any CPU.Build.0 = Debug|Any CPU
		{4CEE0F9F-F64F-74A8-CF3A-CE7BC2D48E83}.Release|Any CPU.ActiveCfg = Release|Any CPU
		{4CEE0F9F-F64F-74A8-CF3A-CE7BC2D48E83}.Release|Any CPU.Build.0 = Release|Any CPU
	EndGlobalSection
	GlobalSection(SolutionProperties) = preSolution
		HideSolutionNode = FALSE
	EndGlobalSection
	GlobalSection(ExtensibilityGlobals) = postSolution
		SolutionGuid = {CE2900E9-91D9-44E3-9090-C4B3DD53C7A9}
	EndGlobalSection
EndGlobal
